{
  "name": "example",
  "version": "1.0.0",
  "lockfileVersion": 3,
  "requires": true,
  "packages": {
    "": {
      "name": "example",
      "version": "1.0.0",
      "license": "ISC",
      "dependencies": {
        "dotenv": "^16.3.1",
        "you.js": "file:.."
      }
    },
    "..": {
      "name": "you.js",
      "version": "0.1.0",
      "license": "MIT",
      "dependencies": {
        "node-fetch": "^3.3.2"
      },
      "devDependencies": {
        "@size-limit/preset-small-lib": "^11.0.0",
        "dotenv": "^16.3.1",
        "husky": "^8.0.3",
        "size-limit": "^11.0.0",
        "tsdx": "^0.14.1",
        "tslib": "^2.6.2",
        "typescript": "^3.9.10"
      },
      "engines": {
        "node": ">=18"
      }
    },
    "node_modules/dotenv": {
      "version": "16.3.1",
      "resolved": "https://registry.npmjs.org/dotenv/-/dotenv-16.3.1.tgz",
      "integrity": "sha512-IPzF4w4/Rd94bA9imS68tZBaYyBWSCE47V1RGuMrB94iyTOIEwRmVL2x/4An+6mETpLrKJ5hQkB8W4kFAadeIQ==",
      "engines": {
        "node": ">=12"
      },
      "funding": {
        "url": "https://github.com/motdotla/dotenv?sponsor=1"
      }
    },
    "node_modules/you.js": {
      "resolved": "..",
      "link": true
    }
  }
}
